
Microsoft Visual Studio Solution File, Format Version 12.00
# Visual Studio 15
VisualStudioVersion = 15.0.28307.645
MinimumVisualStudioVersion = 10.0.40219.1
Project("{2150E333-8FDC-42A3-9474-1A3956D46DE8}") = "Microservices", "Microservices", "{BD8B70E1-5D59-4B71-AA48-049D563AFFAA}"
EndProject
Project("{2150E333-8FDC-42A3-9474-1A3956D46DE8}") = "Domain", "Domain", "{9185F205-9478-41CB-9A85-4F5E25A99C45}"
EndProject
Project("{2150E333-8FDC-42A3-9474-1A3956D46DE8}") = "Infra.Bus", "Infra.Bus", "{2A3EBB33-EAB9-4E56-B212-C3775BB53253}"
EndProject
Project("{2150E333-8FDC-42A3-9474-1A3956D46DE8}") = "Infra.IoC", "Infra.IoC", "{052B2642-3D6F-4579-AB58-08F27D336B9E}"
EndProject
Project("{2150E333-8FDC-42A3-9474-1A3956D46DE8}") = "Presentation", "Presentation", "{EBCB4CAD-29EF-4A01-B8B0-A3A64DFF09E5}"
EndProject
Project("{FAE04EC0-301F-11D3-BF4B-00C04F79EFBC}") = "MicorRabbit.Domain.Core", "MicorRabbit.Domain.Core\MicorRabbit.Domain.Core.csproj", "{E0D782BF-9E1E-4E0A-9FE5-45AD576E828F}"
EndProject
Project("{FAE04EC0-301F-11D3-BF4B-00C04F79EFBC}") = "MicroRabbit.Infra.Bus", "MicroRabbit.Infra.Bus\MicroRabbit.Infra.Bus.csproj", "{F88B3C71-5F19-4A06-B53B-9ECA1E67B1B3}"
EndProject
Project("{FAE04EC0-301F-11D3-BF4B-00C04F79EFBC}") = "MicroRabbit.Infra.IoC", "MicroRabbit.Infra.IoC\MicroRabbit.Infra.IoC.csproj", "{B0C32BD4-6134-4C3D-96F3-6387CA32E802}"
EndProject
Project("{2150E333-8FDC-42A3-9474-1A3956D46DE8}") = "Banking", "Banking", "{E6DAA9E8-24FC-4BCA-B955-06081CCD39E9}"
EndProject
Project("{2150E333-8FDC-42A3-9474-1A3956D46DE8}") = "Api", "Api", "{6D190CEB-5023-4938-B67A-E692926B1969}"
EndProject
Project("{2150E333-8FDC-42A3-9474-1A3956D46DE8}") = "Domain", "Domain", "{3816EB7B-9F4E-4666-93DE-F98762981B44}"
EndProject
Project("{2150E333-8FDC-42A3-9474-1A3956D46DE8}") = "Application", "Application", "{412F16E2-3EA9-4F43-B1E0-54EF2E90D101}"
EndProject
Project("{2150E333-8FDC-42A3-9474-1A3956D46DE8}") = "Data", "Data", "{A863568F-BA69-4E4D-9DDD-6F7EE48E8E66}"
EndProject
Project("{FAE04EC0-301F-11D3-BF4B-00C04F79EFBC}") = "MicroRabbit.Banking.Application", "MicroRabbit.Banking.Application\MicroRabbit.Banking.Application.csproj", "{16642599-DB08-40D5-A672-39FBC0F9E149}"
EndProject
Project("{FAE04EC0-301F-11D3-BF4B-00C04F79EFBC}") = "MicroRabbit.Banking.Data", "MicroRabbit.Banking.Data\MicroRabbit.Banking.Data.csproj", "{2CD50F56-CB83-401E-BB2A-146A1AA41DC8}"
EndProject
Project("{FAE04EC0-301F-11D3-BF4B-00C04F79EFBC}") = "MicroRabbit.Banking.Domain", "MicroRabbit.Banking.Domain\MicroRabbit.Banking.Domain.csproj", "{C2CCCAE5-7088-4DE7-97AB-460888DE6A7B}"
EndProject
Project("{FAE04EC0-301F-11D3-BF4B-00C04F79EFBC}") = "MicroRabbit.Banking.Api", "MicroRabbit.Banking.Api\MicroRabbit.Banking.Api.csproj", "{32AC638C-D445-433F-8F28-1129E7879EF7}"
EndProject
Global
	GlobalSection(SolutionConfigurationPlatforms) = preSolution
		Debug|Any CPU = Debug|Any CPU
		Release|Any CPU = Release|Any CPU
	EndGlobalSection
	GlobalSection(ProjectConfigurationPlatforms) = postSolution
		{E0D782BF-9E1E-4E0A-9FE5-45AD576E828F}.Debug|Any CPU.ActiveCfg = Debug|Any CPU
		{E0D782BF-9E1E-4E0A-9FE5-45AD576E828F}.Debug|Any CPU.Build.0 = Debug|Any CPU
		{E0D782BF-9E1E-4E0A-9FE5-45AD576E828F}.Release|Any CPU.ActiveCfg = Release|Any CPU
		{E0D782BF-9E1E-4E0A-9FE5-45AD576E828F}.Release|Any CPU.Build.0 = Release|Any CPU
		{F88B3C71-5F19-4A06-B53B-9ECA1E67B1B3}.Debug|Any CPU.ActiveCfg = Debug|Any CPU
		{F88B3C71-5F19-4A06-B53B-9ECA1E67B1B3}.Debug|Any CPU.Build.0 = Debug|Any CPU
		{F88B3C71-5F19-4A06-B53B-9ECA1E67B1B3}.Release|Any CPU.ActiveCfg = Release|Any CPU
		{F88B3C71-5F19-4A06-B53B-9ECA1E67B1B3}.Release|Any CPU.Build.0 = Release|Any CPU
		{B0C32BD4-6134-4C3D-96F3-6387CA32E802}.Debug|Any CPU.ActiveCfg = Debug|Any CPU
		{B0C32BD4-6134-4C3D-96F3-6387CA32E802}.Debug|Any CPU.Build.0 = Debug|Any CPU
		{B0C32BD4-6134-4C3D-96F3-6387CA32E802}.Release|Any CPU.ActiveCfg = Release|Any CPU
		{B0C32BD4-6134-4C3D-96F3-6387CA32E802}.Release|Any CPU.Build.0 = Release|Any CPU
		{16642599-DB08-40D5-A672-39FBC0F9E149}.Debug|Any CPU.ActiveCfg = Debug|Any CPU
		{16642599-DB08-40D5-A672-39FBC0F9E149}.Debug|Any CPU.Build.0 = Debug|Any CPU
		{16642599-DB08-40D5-A672-39FBC0F9E149}.Release|Any CPU.ActiveCfg = Release|Any CPU
		{16642599-DB08-40D5-A672-39FBC0F9E149}.Release|Any CPU.Build.0 = Release|Any CPU
		{2CD50F56-CB83-401E-BB2A-146A1AA41DC8}.Debug|Any CPU.ActiveCfg = Debug|Any CPU
		{2CD50F56-CB83-401E-BB2A-146A1AA41DC8}.Debug|Any CPU.Build.0 = Debug|Any CPU
		{2CD50F56-CB83-401E-BB2A-146A1AA41DC8}.Release|Any CPU.ActiveCfg = Release|Any CPU
		{2CD50F56-CB83-401E-BB2A-146A1AA41DC8}.Release|Any CPU.Build.0 = Release|Any CPU
		{C2CCCAE5-7088-4DE7-97AB-460888DE6A7B}.Debug|Any CPU.ActiveCfg = Debug|Any CPU
		{C2CCCAE5-7088-4DE7-97AB-460888DE6A7B}.Debug|Any CPU.Build.0 = Debug|Any CPU
		{C2CCCAE5-7088-4DE7-97AB-460888DE6A7B}.Release|Any CPU.ActiveCfg = Release|Any CPU
		{C2CCCAE5-7088-4DE7-97AB-460888DE6A7B}.Release|Any CPU.Build.0 = Release|Any CPU
		{32AC638C-D445-433F-8F28-1129E7879EF7}.Debug|Any CPU.ActiveCfg = Debug|Any CPU
		{32AC638C-D445-433F-8F28-1129E7879EF7}.Debug|Any CPU.Build.0 = Debug|Any CPU
		{32AC638C-D445-433F-8F28-1129E7879EF7}.Release|Any CPU.ActiveCfg = Release|Any CPU
		{32AC638C-D445-433F-8F28-1129E7879EF7}.Release|Any CPU.Build.0 = Release|Any CPU
	EndGlobalSection
	GlobalSection(SolutionProperties) = preSolution
		HideSolutionNode = FALSE
	EndGlobalSection
	GlobalSection(NestedProjects) = preSolution
		{E0D782BF-9E1E-4E0A-9FE5-45AD576E828F} = {9185F205-9478-41CB-9A85-4F5E25A99C45}
		{F88B3C71-5F19-4A06-B53B-9ECA1E67B1B3} = {2A3EBB33-EAB9-4E56-B212-C3775BB53253}
		{B0C32BD4-6134-4C3D-96F3-6387CA32E802} = {052B2642-3D6F-4579-AB58-08F27D336B9E}
		{E6DAA9E8-24FC-4BCA-B955-06081CCD39E9} = {BD8B70E1-5D59-4B71-AA48-049D563AFFAA}
		{6D190CEB-5023-4938-B67A-E692926B1969} = {E6DAA9E8-24FC-4BCA-B955-06081CCD39E9}
		{3816EB7B-9F4E-4666-93DE-F98762981B44} = {E6DAA9E8-24FC-4BCA-B955-06081CCD39E9}
		{412F16E2-3EA9-4F43-B1E0-54EF2E90D101} = {E6DAA9E8-24FC-4BCA-B955-06081CCD39E9}
		{A863568F-BA69-4E4D-9DDD-6F7EE48E8E66} = {E6DAA9E8-24FC-4BCA-B955-06081CCD39E9}
		{16642599-DB08-40D5-A672-39FBC0F9E149} = {412F16E2-3EA9-4F43-B1E0-54EF2E90D101}
		{2CD50F56-CB83-401E-BB2A-146A1AA41DC8} = {A863568F-BA69-4E4D-9DDD-6F7EE48E8E66}
		{C2CCCAE5-7088-4DE7-97AB-460888DE6A7B} = {3816EB7B-9F4E-4666-93DE-F98762981B44}
		{32AC638C-D445-433F-8F28-1129E7879EF7} = {6D190CEB-5023-4938-B67A-E692926B1969}
	EndGlobalSection
	GlobalSection(ExtensibilityGlobals) = postSolution
		SolutionGuid = {07EFDC05-6EB9-49C2-86BB-9739F3D5CE8D}
	EndGlobalSection
EndGlobal
